// !$*UTF8*$!
{
	archiveVersion = 1;
	classes = {
	};
	objectVersion = 50;
	objects = {

/* Begin PBXBuildFile section */
		69557A3C239F416D00A6595C /* AppDelegate.swift in Sources */ = {isa = PBXBuildFile; fileRef = 69557A3B239F416D00A6595C /* AppDelegate.swift */; };
		69557A3E239F416D00A6595C /* SceneDelegate.swift in Sources */ = {isa = PBXBuildFile; fileRef = 69557A3D239F416D00A6595C /* SceneDelegate.swift */; };
		69557A40239F416D00A6595C /* ViewController.swift in Sources */ = {isa = PBXBuildFile; fileRef = 69557A3F239F416D00A6595C /* ViewController.swift */; };
		69557A43239F416D00A6595C /* Main.storyboard in Resources */ = {isa = PBXBuildFile; fileRef = 69557A41239F416D00A6595C /* Main.storyboard */; };
		69557A45239F416F00A6595C /* Assets.xcassets in Resources */ = {isa = PBXBuildFile; fileRef = 69557A44239F416F00A6595C /* Assets.xcassets */; };
		69557A48239F416F00A6595C /* LaunchScreen.storyboard in Resources */ = {isa = PBXBuildFile; fileRef = 69557A46239F416F00A6595C /* LaunchScreen.storyboard */; };
		69557A50239F41F000A6595C /* ABSLocationManager.swift in Sources */ = {isa = PBXBuildFile; fileRef = 69557A4F239F41F000A6595C /* ABSLocationManager.swift */; };
		69557A52239F51F300A6595C /* LocationDate.swift in Sources */ = {isa = PBXBuildFile; fileRef = 69557A51239F51F300A6595C /* LocationDate.swift */; };
/* End PBXBuildFile section */

/* Begin PBXFileReference section */
		69557A38239F416D00A6595C /* LocationManager.app */ = {isa = PBXFileReference; explicitFileType = wrapper.application; includeInIndex = 0; path = LocationManager.app; sourceTree = BUILT_PRODUCTS_DIR; };
		69557A3B239F416D00A6595C /* AppDelegate.swift */ = {isa = PBXFileReference; lastKnownFileType = sourcecode.swift; path = AppDelegate.swift; sourceTree = "<group>"; };
		69557A3D239F416D00A6595C /* SceneDelegate.swift */ = {isa = PBXFileReference; lastKnownFileType = sourcecode.swift; path = SceneDelegate.swift; sourceTree = "<group>"; };
		69557A3F239F416D00A6595C /* ViewController.swift */ = {isa = PBXFileReference; lastKnownFileType = sourcecode.swift; path = ViewController.swift; sourceTree = "<group>"; };
		69557A42239F416D00A6595C /* Base */ = {isa = PBXFileReference; lastKnownFileType = file.storyboard; name = Base; path = Base.lproj/Main.storyboard; sourceTree = "<group>"; };
		69557A44239F416F00A6595C /* Assets.xcassets */ = {isa = PBXFileReference; lastKnownFileType = folder.assetcatalog; path = Assets.xcassets; sourceTree = "<group>"; };
		69557A47239F416F00A6595C /* Base */ = {isa = PBXFileReference; lastKnownFileType = file.storyboard; name = Base; path = Base.lproj/LaunchScreen.storyboard; sourceTree = "<group>"; };
		69557A49239F416F00A6595C /* Info.plist */ = {isa = PBXFileReference; lastKnownFileType = text.plist.xml; path = Info.plist; sourceTree = "<group>"; };
		69557A4F239F41F000A6595C /* ABSLocationManager.swift */ = {isa = PBXFileReference; fileEncoding = 4; lastKnownFileType = sourcecode.swift; path = ABSLocationManager.swift; sourceTree = "<group>"; };
		69557A51239F51F300A6595C /* LocationDate.swift */ = {isa = PBXFileReference; lastKnownFileType = sourcecode.swift; path = LocationDate.swift; sourceTree = "<group>"; };
/* End PBXFileReference section */

/* Begin PBXFrameworksBuildPhase section */
		69557A35239F416D00A6595C /* Frameworks */ = {
			isa = PBXFrameworksBuildPhase;
			buildActionMask = 2147483647;
			files = (
			);
			runOnlyForDeploymentPostprocessing = 0;
		};
/* End PBXFrameworksBuildPhase section */

/* Begin PBXGroup section */
		69557A2F239F416D00A6595C = {
			isa = PBXGroup;
			children = (
				69557A3A239F416D00A6595C /* LocationManager */,
				69557A39239F416D00A6595C /* Products */,
			);
			sourceTree = "<group>";
		};
		69557A39239F416D00A6595C /* Products */ = {
			isa = PBXGroup;
			children = (
				69557A38239F416D00A6595C /* LocationManager.app */,
			);
			name = Products;
			sourceTree = "<group>";
		};
		69557A3A239F416D00A6595C /* LocationManager */ = {
			isa = PBXGroup;
			children = (
				69557A4F239F41F000A6595C /* ABSLocationManager.swift */,
				69557A51239F51F300A6595C /* LocationDate.swift */,
				69557A3B239F416D00A6595C /* AppDelegate.swift */,
				69557A3D239F416D00A6595C /* SceneDelegate.swift */,
				69557A3F239F416D00A6595C /* ViewController.swift */,
				69557A41239F416D00A6595C /* Main.storyboard */,
				69557A44239F416F00A6595C /* Assets.xcassets */,
				69557A46239F416F00A6595C /* LaunchScreen.storyboard */,
				69557A49239F416F00A6595C /* Info.plist */,
			);
			path = LocationManager;
			sourceTree = "<group>";
		};
/* End PBXGroup section */

/* Begin PBXNativeTarget section */
		69557A37239F416D00A6595C /* LocationManager */ = {
			isa = PBXNativeTarget;
			buildConfigurationList = 69557A4C239F416F00A6595C /* Build configuration list for PBXNativeTarget "LocationManager" */;
			buildPhases = (
				69557A34239F416D00A6595C /* Sources */,
				69557A35239F416D00A6595C /* Frameworks */,
				69557A36239F416D00A6595C /* Resources */,
			);
			buildRules = (
			);
			dependencies = (
			);
			name = LocationManager;
			productName = LocationManager;
			productReference = 69557A38239F416D00A6595C /* LocationManager.app */;
			productType = "com.apple.product-type.application";
		};
/* End PBXNativeTarget section */

/* Begin PBXProject section */
		69557A30239F416D00A6595C /* Project object */ = {
			isa = PBXProject;
			attributes = {
				LastSwiftUpdateCheck = 1120;
				LastUpgradeCheck = 1120;
				ORGANIZATIONNAME = Abstract;
				TargetAttributes = {
					69557A37239F416D00A6595C = {
						CreatedOnToolsVersion = 11.2.1;
					};
				};
			};
			buildConfigurationList = 69557A33239F416D00A6595C /* Build configuration list for PBXProject "LocationManager" */;
			compatibilityVersion = "Xcode 9.3";
			developmentRegion = en;
			hasScannedForEncodings = 0;
			knownRegions = (
				en,
				Base,
			);
			mainGroup = 69557A2F239F416D00A6595C;
			productRefGroup = 69557A39239F416D00A6595C /* Products */;
			projectDirPath = "";
			projectRoot = "";
			targets = (
				69557A37239F416D00A6595C /* LocationManager */,
			);
		};
/* End PBXProject section */

/* Begin PBXResourcesBuildPhase section */
		69557A36239F416D00A6595C /* Resources */ = {
			isa = PBXResourcesBuildPhase;
			buildActionMask = 2147483647;
			files = (
				69557A48239F416F00A6595C /* LaunchScreen.storyboard in Resources */,
				69557A45239F416F00A6595C /* Assets.xcassets in Resources */,
				69557A43239F416D00A6595C /* Main.storyboard in Resources */,
			);
			runOnlyForDeploymentPostprocessing = 0;
		};
/* End PBXResourcesBuildPhase section */

/* Begin PBXSourcesBuildPhase section */
		69557A34239F416D00A6595C /* Sources */ = {
			isa = PBXSourcesBuildPhase;
			buildActionMask = 2147483647;
			files = (
				69557A40239F416D00A6595C /* ViewController.swift in Sources */,
				69557A3C239F416D00A6595C /* AppDelegate.swift in Sources */,
				69557A50239F41F000A6595C /* ABSLocationManager.swift in Sources */,
				69557A3E239F416D00A6595C /* SceneDelegate.swift in Sources */,
				69557A52239F51F300A6595C /* LocationDate.swift in Sources */,
			);
			runOnlyForDeploymentPostprocessing = 0;
		};
/* End PBXSourcesBuildPhase section */

/* Begin PBXVariantGroup section */
		69557A41239F416D00A6595C /* Main.storyboard */ = {
			isa = PBXVariantGroup;
			children = (
				69557A42239F416D00A6595C /* Base */,
			);
			name = Main.storyboard;
			sourceTree = "<group>";
		};
		69557A46239F416F00A6595C /* LaunchScreen.storyboard */ = {
			isa = PBXVariantGroup;
			children = (
				69557A47239F416F00A6595C /* Base */,
			);
			name = LaunchScreen.storyboard;
			sourceTree = "<group>";
		};
/* End PBXVariantGroup section */

/* Begin XCBuildConfiguration section */
		69557A4A239F416F00A6595C /* Debug */ = {
			isa = XCBuildConfiguration;
			buildSettings = {
				ALWAYS_SEARCH_USER_PATHS = NO;
				CLANG_ANALYZER_NONNULL = YES;
				CLANG_ANALYZER_NUMBER_OBJECT_CONVERSION = YES_AGGRESSIVE;
				CLANG_CXX_LANGUAGE_STANDARD = "gnu++14";
				CLANG_CXX_LIBRARY = "libc++";
				CLANG_ENABLE_MODULES = YES;
				CLANG_ENABLE_OBJC_ARC = YES;
				CLANG_ENABLE_OBJC_WEAK = YES;
				CLANG_WARN_BLOCK_CAPTURE_AUTORELEASING = YES;
				CLANG_WARN_BOOL_CONVERSION = YES;
				CLANG_WARN_COMMA = YES;
				CLANG_WARN_CONSTANT_CONVERSION = YES;
				CLANG_WARN_DEPRECATED_OBJC_IMPLEMENTATIONS = YES;
				CLANG_WARN_DIRECT_OBJC_ISA_USAGE = YES_ERROR;
				CLANG_WARN_DOCUMENTATION_COMMENTS = YES;
				CLANG_WARN_EMPTY_BODY = YES;
				CLANG_WARN_ENUM_CONVERSION = YES;
				CLANG_WARN_INFINITE_RECURSION = YES;
				CLANG_WARN_INT_CONVERSION = YES;
				CLANG_WARN_NON_LITERAL_NULL_CONVERSION = YES;
				CLANG_WARN_OBJC_IMPLICIT_RETAIN_SELF = YES;
				CLANG_WARN_OBJC_LITERAL_CONVERSION = YES;
				CLANG_WARN_OBJC_ROOT_CLASS = YES_ERROR;
				CLANG_WARN_RANGE_LOOP_ANALYSIS = YES;
				CLANG_WARN_STRICT_PROTOTYPES = YES;
				CLANG_WARN_SUSPICIOUS_MOVE = YES;
				CLANG_WARN_UNGUARDED_AVAILABILITY = YES_AGGRESSIVE;
				CLANG_WARN_UNREACHABLE_CODE = YES;
				CLANG_WARN__DUPLICATE_METHOD_MATCH = YES;
				COPY_PHASE_STRIP = NO;
				DEBUG_INFORMATION_FORMAT = dwarf;
				ENABLE_STRICT_OBJC_MSGSEND = YES;
				ENABLE_TESTABILITY = YES;
				GCC_C_LANGUAGE_STANDARD = gnu11;
				GCC_DYNAMIC_NO_PIC = NO;
				GCC_NO_COMMON_BLOCKS = YES;
				GCC_OPTIMIZATION_LEVEL = 0;
				GCC_PREPROCESSOR_DEFINITIONS = (
					"DEBUG=1",
					"$(inherited)",
				);
				GCC_WARN_64_TO_32_BIT_CONVERSION = YES;
				GCC_WARN_ABOUT_RETURN_TYPE = YES_ERROR;
				GCC_WARN_UNDECLARED_SELECTOR = YES;
				GCC_WARN_UNINITIALIZED_AUTOS = YES_AGGRESSIVE;
				GCC_WARN_UNUSED_FUNCTION = YES;
				GCC_WARN_UNUSED_VARIABLE = YES;
				IPHONEOS_DEPLOYMENT_TARGET = 13.2;
				MTL_ENABLE_DEBUG_INFO = INCLUDE_SOURCE;
				MTL_FAST_MATH = YES;
				ONLY_ACTIVE_ARCH = YES;
				SDKROOT = iphoneos;
				SWIFT_ACTIVE_COMPILATION_CONDITIONS = DEBUG;
				SWIFT_OPTIMIZATION_LEVEL = "-Onone";
			};
			name = Debug;
		};
		69557A4B239F416F00A6595C /* Release */ = {
			isa = XCBuildConfiguration;
			buildSettings = {
				ALWAYS_SEARCH_USER_PATHS = NO;
				CLANG_ANALYZER_NONNULL = YES;
				CLANG_ANALYZER_NUMBER_OBJECT_CONVERSION = YES_AGGRESSIVE;
				CLANG_CXX_LANGUAGE_STANDARD = "gnu++14";
				CLANG_CXX_LIBRARY = "libc++";
				CLANG_ENABLE_MODULES = YES;
				CLANG_ENABLE_OBJC_ARC = YES;
				CLANG_ENABLE_OBJC_WEAK = YES;
				CLANG_WARN_BLOCK_CAPTURE_AUTORELEASING = YES;
				CLANG_WARN_BOOL_CONVERSION = YES;
				CLANG_WARN_COMMA = YES;
				CLANG_WARN_CONSTANT_CONVERSION = YES;
				CLANG_WARN_DEPRECATED_OBJC_IMPLEMENTATIONS = YES;
				CLANG_WARN_DIRECT_OBJC_ISA_USAGE = YES_ERROR;
				CLANG_WARN_DOCUMENTATION_COMMENTS = YES;
				CLANG_WARN_EMPTY_BODY = YES;
				CLANG_WARN_ENUM_CONVERSION = YES;
				CLANG_WARN_INFINITE_RECURSION = YES;
				CLANG_WARN_INT_CONVERSION = YES;
				CLANG_WARN_NON_LITERAL_NULL_CONVERSION = YES;
				CLANG_WARN_OBJC_IMPLICIT_RETAIN_SELF = YES;
				CLANG_WARN_OBJC_LITERAL_CONVERSION = YES;
				CLANG_WARN_OBJC_ROOT_CLASS = YES_ERROR;
				CLANG_WARN_RANGE_LOOP_ANALYSIS = YES;
				CLANG_WARN_STRICT_PROTOTYPES = YES;
				CLANG_WARN_SUSPICIOUS_MOVE = YES;
				CLANG_WARN_UNGUARDED_AVAILABILITY = YES_AGGRESSIVE;
				CLANG_WARN_UNREACHABLE_CODE = YES;
				CLANG_WARN__DUPLICATE_METHOD_MATCH = YES;
				COPY_PHASE_STRIP = NO;
				DEBUG_INFORMATION_FORMAT = "dwarf-with-dsym";
				ENABLE_NS_ASSERTIONS = NO;
				ENABLE_STRICT_OBJC_MSGSEND = YES;
				GCC_C_LANGUAGE_STANDARD = gnu11;
				GCC_NO_COMMON_BLOCKS = YES;
				GCC_WARN_64_TO_32_BIT_CONVERSION = YES;
				GCC_WARN_ABOUT_RETURN_TYPE = YES_ERROR;
				GCC_WARN_UNDECLARED_SELECTOR = YES;
				GCC_WARN_UNINITIALIZED_AUTOS = YES_AGGRESSIVE;
				GCC_WARN_UNUSED_FUNCTION = YES;
				GCC_WARN_UNUSED_VARIABLE = YES;
				IPHONEOS_DEPLOYMENT_TARGET = 13.2;
				MTL_ENABLE_DEBUG_INFO = NO;
				MTL_FAST_MATH = YES;
				SDKROOT = iphoneos;
				SWIFT_COMPILATION_MODE = wholemodule;
				SWIFT_OPTIMIZATION_LEVEL = "-O";
				VALIDATE_PRODUCT = YES;
			};
			name = Release;
		};
		69557A4D239F416F00A6595C /* Debug */ = {
			isa = XCBuildConfiguration;
			buildSettings = {
				ASSETCATALOG_COMPILER_APPICON_NAME = AppIcon;
				CODE_SIGN_STYLE = Automatic;
				DEVELOPMENT_TEAM = H9MAL9P855;
				INFOPLIST_FILE = LocationManager/Info.plist;
				LD_RUNPATH_SEARCH_PATHS = (
					"$(inherited)",
					"@executable_path/Frameworks",
				);
				PRODUCT_BUNDLE_IDENTIFIER = pe.com.abstract.LocationManager;
				PRODUCT_NAME = "$(TARGET_NAME)";
				SWIFT_VERSION = 5.0;
				TARGETED_DEVICE_FAMILY = "1,2";
			};
			name = Debug;
		};
		69557A4E239F416F00A6595C /* Release */ = {
			isa = XCBuildConfiguration;
			buildSettings = {
				ASSETCATALOG_COMPILER_APPICON_NAME = AppIcon;
				CODE_SIGN_STYLE = Automatic;
				DEVELOPMENT_TEAM = H9MAL9P855;
				INFOPLIST_FILE = LocationManager/Info.plist;
				LD_RUNPATH_SEARCH_PATHS = (
					"$(inherited)",
					"@executable_path/Frameworks",
				);
				PRODUCT_BUNDLE_IDENTIFIER = pe.com.abstract.LocationManager;
				PRODUCT_NAME = "$(TARGET_NAME)";
				SWIFT_VERSION = 5.0;
				TARGETED_DEVICE_FAMILY = "1,2";
			};
			name = Release;
		};
/* End XCBuildConfiguration section */

/* Begin XCConfigurationList section */
		69557A33239F416D00A6595C /* Build configuration list for PBXProject "LocationManager" */ = {
			isa = XCConfigurationList;
			buildConfigurations = (
				69557A4A239F416F00A6595C /* Debug */,
				69557A4B239F416F00A6595C /* Release */,
			);
			defaultConfigurationIsVisible = 0;
			defaultConfigurationName = Release;
		};
		69557A4C239F416F00A6595C /* Build configuration list for PBXNativeTarget "LocationManager" */ = {
			isa = XCConfigurationList;
			buildConfigurations = (
				69557A4D239F416F00A6595C /* Debug */,
				69557A4E239F416F00A6595C /* Release */,
			);
			defaultConfigurationIsVisible = 0;
			defaultConfigurationName = Release;
		};
/* End XCConfigurationList section */
	};
	rootObject = 69557A30239F416D00A6595C /* Project object */;
}
